
Microsoft Visual Studio Solution File, Format Version 12.00
# Visual Studio Version 17
VisualStudioVersion = 17.8.34309.116
MinimumVisualStudioVersion = 10.0.40219.1
Project("{FAE04EC0-301F-11D3-BF4B-00C04F79EFBC}") = "Setul 3 - ex. 12", "Setul 3 - ex. 12.csproj", "{C7F7AA95-2283-4366-9AF9-15384A7B45D8}"
EndProject
Global
	GlobalSection(SolutionConfigurationPlatforms) = preSolution
		Debug|Any CPU = Debug|Any CPU
		Release|Any CPU = Release|Any CPU
	EndGlobalSection
	GlobalSection(ProjectConfigurationPlatforms) = postSolution
		{C7F7AA95-2283-4366-9AF9-15384A7B45D8}.Debug|Any CPU.ActiveCfg = Debug|Any CPU
		{C7F7AA95-2283-4366-9AF9-15384A7B45D8}.Debug|Any CPU.Build.0 = Debug|Any CPU
		{C7F7AA95-2283-4366-9AF9-15384A7B45D8}.Release|Any CPU.ActiveCfg = Release|Any CPU
		{C7F7AA95-2283-4366-9AF9-15384A7B45D8}.Release|Any CPU.Build.0 = Release|Any CPU
	EndGlobalSection
	GlobalSection(SolutionProperties) = preSolution
		HideSolutionNode = FALSE
	EndGlobalSection
	GlobalSection(ExtensibilityGlobals) = postSolution
		SolutionGuid = {8ECBC86C-5067-498B-989D-5C8084ED510A}
	EndGlobalSection
EndGlobal
