
Microsoft Visual Studio Solution File, Format Version 12.00
# Visual Studio Version 17
VisualStudioVersion = 17.8.34309.116
MinimumVisualStudioVersion = 10.0.40219.1
Project("{FAE04EC0-301F-11D3-BF4B-00C04F79EFBC}") = "Setul 3 - ex. 1", "Setul 3 - ex. 1.csproj", "{432FDD36-6FA3-4F9B-A3DF-5497E0503FE8}"
EndProject
Global
	GlobalSection(SolutionConfigurationPlatforms) = preSolution
		Debug|Any CPU = Debug|Any CPU
		Release|Any CPU = Release|Any CPU
	EndGlobalSection
	GlobalSection(ProjectConfigurationPlatforms) = postSolution
		{432FDD36-6FA3-4F9B-A3DF-5497E0503FE8}.Debug|Any CPU.ActiveCfg = Debug|Any CPU
		{432FDD36-6FA3-4F9B-A3DF-5497E0503FE8}.Debug|Any CPU.Build.0 = Debug|Any CPU
		{432FDD36-6FA3-4F9B-A3DF-5497E0503FE8}.Release|Any CPU.ActiveCfg = Release|Any CPU
		{432FDD36-6FA3-4F9B-A3DF-5497E0503FE8}.Release|Any CPU.Build.0 = Release|Any CPU
	EndGlobalSection
	GlobalSection(SolutionProperties) = preSolution
		HideSolutionNode = FALSE
	EndGlobalSection
	GlobalSection(ExtensibilityGlobals) = postSolution
		SolutionGuid = {FBB08499-4392-4F5B-B7AD-AC54235F36E7}
	EndGlobalSection
EndGlobal
