
Microsoft Visual Studio Solution File, Format Version 12.00
# Visual Studio Version 17
VisualStudioVersion = 17.8.34309.116
MinimumVisualStudioVersion = 10.0.40219.1
Project("{FAE04EC0-301F-11D3-BF4B-00C04F79EFBC}") = "Setul 3 - ex. 19", "Setul 3 - ex. 19.csproj", "{7086BB84-D18D-4B75-BC54-2EC899A0C94B}"
EndProject
Global
	GlobalSection(SolutionConfigurationPlatforms) = preSolution
		Debug|Any CPU = Debug|Any CPU
		Release|Any CPU = Release|Any CPU
	EndGlobalSection
	GlobalSection(ProjectConfigurationPlatforms) = postSolution
		{7086BB84-D18D-4B75-BC54-2EC899A0C94B}.Debug|Any CPU.ActiveCfg = Debug|Any CPU
		{7086BB84-D18D-4B75-BC54-2EC899A0C94B}.Debug|Any CPU.Build.0 = Debug|Any CPU
		{7086BB84-D18D-4B75-BC54-2EC899A0C94B}.Release|Any CPU.ActiveCfg = Release|Any CPU
		{7086BB84-D18D-4B75-BC54-2EC899A0C94B}.Release|Any CPU.Build.0 = Release|Any CPU
	EndGlobalSection
	GlobalSection(SolutionProperties) = preSolution
		HideSolutionNode = FALSE
	EndGlobalSection
	GlobalSection(ExtensibilityGlobals) = postSolution
		SolutionGuid = {85402808-2E9C-4FDA-9738-714D215C567E}
	EndGlobalSection
EndGlobal
