
Microsoft Visual Studio Solution File, Format Version 12.00
# Visual Studio Version 17
VisualStudioVersion = 17.8.34309.116
MinimumVisualStudioVersion = 10.0.40219.1
Project("{FAE04EC0-301F-11D3-BF4B-00C04F79EFBC}") = "Setul 3 - ex. 8", "Setul 3 - ex. 8.csproj", "{ABDF25E2-EBE6-40D7-BDF3-1669A183ABDE}"
EndProject
Global
	GlobalSection(SolutionConfigurationPlatforms) = preSolution
		Debug|Any CPU = Debug|Any CPU
		Release|Any CPU = Release|Any CPU
	EndGlobalSection
	GlobalSection(ProjectConfigurationPlatforms) = postSolution
		{ABDF25E2-EBE6-40D7-BDF3-1669A183ABDE}.Debug|Any CPU.ActiveCfg = Debug|Any CPU
		{ABDF25E2-EBE6-40D7-BDF3-1669A183ABDE}.Debug|Any CPU.Build.0 = Debug|Any CPU
		{ABDF25E2-EBE6-40D7-BDF3-1669A183ABDE}.Release|Any CPU.ActiveCfg = Release|Any CPU
		{ABDF25E2-EBE6-40D7-BDF3-1669A183ABDE}.Release|Any CPU.Build.0 = Release|Any CPU
	EndGlobalSection
	GlobalSection(SolutionProperties) = preSolution
		HideSolutionNode = FALSE
	EndGlobalSection
	GlobalSection(ExtensibilityGlobals) = postSolution
		SolutionGuid = {771730E6-9861-43D2-BEC0-9F092E88ACC2}
	EndGlobalSection
EndGlobal
